
Microsoft Visual Studio Solution File, Format Version 12.00
# Visual Studio Version 16
VisualStudioVersion = 16.0.29519.181
MinimumVisualStudioVersion = 10.0.40219.1
Project("{FAE04EC0-301F-11D3-BF4B-00C04F79EFBC}") = "MyFirstBlazorServerApp", "MyFirstBlazorServerApp\MyFirstBlazorServerApp.csproj", "{9A60CC0E-6453-442D-83D9-6D4F9565E0BB}"
EndProject
Global
	GlobalSection(SolutionConfigurationPlatforms) = preSolution
		Debug|Any CPU = Debug|Any CPU
		Release|Any CPU = Release|Any CPU
	EndGlobalSection
	GlobalSection(ProjectConfigurationPlatforms) = postSolution
		{9A60CC0E-6453-442D-83D9-6D4F9565E0BB}.Debug|Any CPU.ActiveCfg = Debug|Any CPU
		{9A60CC0E-6453-442D-83D9-6D4F9565E0BB}.Debug|Any CPU.Build.0 = Debug|Any CPU
		{9A60CC0E-6453-442D-83D9-6D4F9565E0BB}.Release|Any CPU.ActiveCfg = Release|Any CPU
		{9A60CC0E-6453-442D-83D9-6D4F9565E0BB}.Release|Any CPU.Build.0 = Release|Any CPU
	EndGlobalSection
	GlobalSection(SolutionProperties) = preSolution
		HideSolutionNode = FALSE
	EndGlobalSection
	GlobalSection(ExtensibilityGlobals) = postSolution
		SolutionGuid = {904CC4A3-E048-4CE8-9E79-14BC60FA0607}
	EndGlobalSection
EndGlobal
